# PyYAML wheels for the pinned CPython 3.14 Linux runner used by repository-quality.yml.
# Both the standard and free-threaded CPython 3.14 wheel hashes are allowlisted.
pyyaml==6.0.3 \
    --hash=sha256:00c4bdeba853cc34e7dd471f16b4114f4162dc03e6b7afcc2128711f0eca823c \
    --hash=sha256:c458b6d084f9b935061bc36216e8a69a7e293a2f1e68bf956dcd9e6cbcd143f5
